{
    "name": "@reldens/tile-map-generator",
    "version": "0.1.0",
    "lockfileVersion": 3,
    "requires": true,
    "packages": {
        "": {
            "name": "@reldens/tile-map-generator",
            "version": "0.1.0",
            "license": "MIT",
            "dependencies": {
                "@reldens/utils": "^0.23.0",
                "pathfinding": "^0.4.18"
            }
        },
        "node_modules/@reldens/utils": {
            "version": "0.23.0",
            "resolved": "https://registry.npmjs.org/@reldens/utils/-/utils-0.23.0.tgz",
            "integrity": "sha512-oZLsZZ4xthEJJThXVlth4fswEQ816u+N2qsjpGs9Q+Gq9GrFAX65tWesyjIIYOJPj4iloDFZTNUGo/j5sHwIkg==",
            "dependencies": {
                "await-event-emitter": "^2.0.2"
            }
        },
        "node_modules/await-event-emitter": {
            "version": "2.0.2",
            "resolved": "https://registry.npmjs.org/await-event-emitter/-/await-event-emitter-2.0.2.tgz",
            "integrity": "sha512-3+cjm1wr2MQz0bFM1f5F0pR9XUitF5/kaKUfeGXJWFKC57FgDY61BoQp/xzjjkxXCz8tw1S2fCpeHtxpTID9tA==",
            "dependencies": {
                "is-promise": "^4.0.0"
            },
            "engines": {
                "node": ">=10"
            }
        },
        "node_modules/heap": {
            "version": "0.2.5",
            "resolved": "https://registry.npmjs.org/heap/-/heap-0.2.5.tgz",
            "integrity": "sha512-G7HLD+WKcrOyJP5VQwYZNC3Z6FcQ7YYjEFiFoIj8PfEr73mu421o8B1N5DKUcc8K37EsJ2XXWA8DtrDz/2dReg=="
        },
        "node_modules/is-promise": {
            "version": "4.0.0",
            "resolved": "https://registry.npmjs.org/is-promise/-/is-promise-4.0.0.tgz",
            "integrity": "sha512-hvpoI6korhJMnej285dSg6nu1+e6uxs7zG3BYAm5byqDsgJNWwxzM6z6iZiAgQR4TJ30JmBTOwqZUw3WlyH3AQ=="
        },
        "node_modules/pathfinding": {
            "version": "0.4.18",
            "resolved": "https://registry.npmjs.org/pathfinding/-/pathfinding-0.4.18.tgz",
            "integrity": "sha512-R0TGEQ9GRcFCDvAWlJAWC+KGJ9SLbW4c0nuZRcioVlXVTlw+F5RvXQ8SQgSqI9KXWC1ew95vgmIiyaWTlCe9Ag==",
            "dependencies": {
                "heap": "0.2.5"
            }
        }
    }
}
